PODS:
  - Alamofire (5.9.1)
  - DropDown (2.3.13)
  - KakaoSDKAuth (2.22.2):
    - KakaoSDKCommon (= 2.22.2)
  - KakaoSDKCommon (2.22.2):
    - KakaoSDKCommon/Common (= 2.22.2)
    - KakaoSDKCommon/Network (= 2.22.2)
  - KakaoSDKCommon/Common (2.22.2)
  - KakaoSDKCommon/Network (2.22.2):
    - Alamofire (~> 5.9.0)
    - KakaoSDKCommon/Common (= 2.22.2)
  - KakaoSDKUser (2.22.2):
    - KakaoSDKAuth (= 2.22.2)
  - MaterialComponents/Availability (124.2.0)
  - MaterialComponents/BottomSheet (124.2.0):
    - MaterialComponents/Elevation
    - MaterialComponents/private/KeyboardWatcher
    - MaterialComponents/private/Math
    - MaterialComponents/ShadowElevations
    - MaterialComponents/ShadowLayer
    - MaterialComponents/ShapeLibrary
    - MaterialComponents/Shapes
  - MaterialComponents/Elevation (124.2.0):
    - MaterialComponents/Availability
    - MaterialComponents/private/Color
    - MaterialComponents/private/Math
  - MaterialComponents/private/Application (124.2.0)
  - MaterialComponents/private/Color (124.2.0):
    - MaterialComponents/Availability
  - MaterialComponents/private/KeyboardWatcher (124.2.0):
    - MaterialComponents/private/Application
  - MaterialComponents/private/Math (124.2.0)
  - MaterialComponents/ShadowElevations (124.2.0)
  - MaterialComponents/ShadowLayer (124.2.0):
    - MaterialComponents/ShadowElevations
  - MaterialComponents/ShapeLibrary (124.2.0):
    - MaterialComponents/private/Math
    - MaterialComponents/Shapes
  - MaterialComponents/Shapes (124.2.0):
    - MaterialComponents/private/Color
    - MaterialComponents/private/Math
    - MaterialComponents/ShadowLayer
  - Pageboy (4.2.0)
  - SnapKit (5.7.1)
  - Socket.IO-Client-Swift (15.2.0):
    - Starscream (~> 3.1)
  - Starscream (3.1.1)
  - Tabman (3.2.0):
    - Pageboy (~> 4.2.0)
  - Then (3.0.0)

DEPENDENCIES:
  - Alamofire
  - DropDown (= 2.3.13)
  - KakaoSDKAuth
  - KakaoSDKCommon
  - KakaoSDKUser
  - MaterialComponents/BottomSheet
  - SnapKit (~> 5.7.0)
  - Socket.IO-Client-Swift (~> 15.2.0)
  - Tabman (~> 3.0)
  - Then

SPEC REPOS:
  trunk:
    - Alamofire
    - DropDown
    - KakaoSDKAuth
    - KakaoSDKCommon
    - KakaoSDKUser
    - MaterialComponents
    - Pageboy
    - SnapKit
    - Socket.IO-Client-Swift
    - Starscream
    - Tabman
    - Then

SPEC CHECKSUMS:
  Alamofire: f36a35757af4587d8e4f4bfa223ad10be2422b8c
  DropDown: 8a2116376c1981888557f72ec2ffc9a5e0e456ec
  KakaoSDKAuth: 6a4c46f84c772a19f24121d7f5a42aa861ebc0e7
  KakaoSDKCommon: d4f76f3b900dbef924a09196c8eb9245aefcaf83
  KakaoSDKUser: 642c339cdb3722216241c541a843f6a4588f6cf4
  MaterialComponents: 1a9b2d9d45b1601ae544de85089adc4c464306d4
  Pageboy: 7f7886f61c76633df635861bf7839caf2cabdb3e
  SnapKit: d612e99e678a2d3b95bf60b0705ed0a35c03484a
  Socket.IO-Client-Swift: 1e3e3a1f09f3312a167f0d781eb2f383d477357c
  Starscream: 4bb2f9942274833f7b4d296a55504dcfc7edb7b0
  Tabman: 49f9181a2bfe5c29d002864dac2de8e0b7ea9180
  Then: 844265ae87834bbe1147d91d5d41a404da2ec27d

PODFILE CHECKSUM: f51aad07011237d288e2920f1542116033a9f4c3

COCOAPODS: 1.15.2
