// !$*UTF8*$!
{
	archiveVersion = 1;
	classes = {
	};
	objectVersion = 56;
	objects = {

/* Begin PBXBuildFile section */
		412BFBD62C5225010099E442 /* LoginViewController.swift in Sources */ = {isa = PBXBuildFile; fileRef = 412BFBD52C5225010099E442 /* LoginViewController.swift */; };
		412BFBD82C5225250099E442 /* EmailLoginViewController.swift in Sources */ = {isa = PBXBuildFile; fileRef = 412BFBD72C5225250099E442 /* EmailLoginViewController.swift */; };
		412BFBDD2C52257F0099E442 /* SuccessSignUpViewController.swift in Sources */ = {isa = PBXBuildFile; fileRef = 412BFBDC2C52257F0099E442 /* SuccessSignUpViewController.swift */; };
		412BFBDF2C5225920099E442 /* SecondAcademicVerificationViewController.swift in Sources */ = {isa = PBXBuildFile; fileRef = 412BFBDE2C5225920099E442 /* SecondAcademicVerificationViewController.swift */; };
		412BFBE12C5225A20099E442 /* FirstAcademicVerificationViewController.swift in Sources */ = {isa = PBXBuildFile; fileRef = 412BFBE02C5225A20099E442 /* FirstAcademicVerificationViewController.swift */; };
		412BFBE62C52A5E30099E442 /* addBorder+.swift in Sources */ = {isa = PBXBuildFile; fileRef = 412BFBE52C52A5E30099E442 /* addBorder+.swift */; };
		41EE133C2C54A94B0037EDD6 /* PopUpViewController.swift in Sources */ = {isa = PBXBuildFile; fileRef = 41EE133B2C54A94B0037EDD6 /* PopUpViewController.swift */; };
		41EE133E2C54ABB70037EDD6 /* EmailSignUpViewController.swift in Sources */ = {isa = PBXBuildFile; fileRef = 41EE133D2C54ABB70037EDD6 /* EmailSignUpViewController.swift */; };
		41EE13402C54ABD70037EDD6 /* SignUpViewController.swift in Sources */ = {isa = PBXBuildFile; fileRef = 41EE133F2C54ABD70037EDD6 /* SignUpViewController.swift */; };
		41EE13442C54E8270037EDD6 /* UploadCompletedPopUpViewController.swift in Sources */ = {isa = PBXBuildFile; fileRef = 41EE13432C54E8270037EDD6 /* UploadCompletedPopUpViewController.swift */; };
		41EE13472C54ECCD0037EDD6 /* ResearchTopicViewController.swift in Sources */ = {isa = PBXBuildFile; fileRef = 41EE13462C54ECCD0037EDD6 /* ResearchTopicViewController.swift */; };
		41EE134A2C5510A80037EDD6 /* TagCell.swift in Sources */ = {isa = PBXBuildFile; fileRef = 41EE13492C5510A80037EDD6 /* TagCell.swift */; };
		41EE134C2C5520060037EDD6 /* LeftAlignedCollectionViewFlowLayout.swift in Sources */ = {isa = PBXBuildFile; fileRef = 41EE134B2C5520060037EDD6 /* LeftAlignedCollectionViewFlowLayout.swift */; };
		41EE134E2C5529B20037EDD6 /* SelectResearchTopicViewController.swift in Sources */ = {isa = PBXBuildFile; fileRef = 41EE134D2C5529B20037EDD6 /* SelectResearchTopicViewController.swift */; };
		7B3E3D272C541F8A002D6A43 /* HotBoardViewController.swift in Sources */ = {isa = PBXBuildFile; fileRef = 7B3E3D262C541F8A002D6A43 /* HotBoardViewController.swift */; };
		7B3E3D292C5423A6002D6A43 /* WrittenBoardViewController.swift in Sources */ = {isa = PBXBuildFile; fileRef = 7B3E3D282C5423A6002D6A43 /* WrittenBoardViewController.swift */; };
		7B3E3D2B2C5423B3002D6A43 /* ScrappedBoardViewController.swift in Sources */ = {isa = PBXBuildFile; fileRef = 7B3E3D2A2C5423B3002D6A43 /* ScrappedBoardViewController.swift */; };
		7B3E3D2D2C5423D6002D6A43 /* CommentedBoardViewController.swift in Sources */ = {isa = PBXBuildFile; fileRef = 7B3E3D2C2C5423D6002D6A43 /* CommentedBoardViewController.swift */; };
		7B3E3D2F2C542862002D6A43 /* EmploymentReviewWriteBoardViewController.swift in Sources */ = {isa = PBXBuildFile; fileRef = 7B3E3D2E2C542862002D6A43 /* EmploymentReviewWriteBoardViewController.swift */; };
		7BFDEC2B2C5224EF007280F8 /* BoardViewController.swift in Sources */ = {isa = PBXBuildFile; fileRef = 7BFDEC2A2C5224EF007280F8 /* BoardViewController.swift */; };
		7BFDEC2D2C5224F7007280F8 /* BoardMainViewController.swift in Sources */ = {isa = PBXBuildFile; fileRef = 7BFDEC2C2C5224F7007280F8 /* BoardMainViewController.swift */; };
		7BFDEC2F2C522503007280F8 /* BoardDoctoralViewController.swift in Sources */ = {isa = PBXBuildFile; fileRef = 7BFDEC2E2C522503007280F8 /* BoardDoctoralViewController.swift */; };
		7BFDEC312C52250A007280F8 /* BoardMasterViewController.swift in Sources */ = {isa = PBXBuildFile; fileRef = 7BFDEC302C52250A007280F8 /* BoardMasterViewController.swift */; };
		7BFDEC332C522517007280F8 /* BoardAdmissionViewController.swift in Sources */ = {isa = PBXBuildFile; fileRef = 7BFDEC322C522517007280F8 /* BoardAdmissionViewController.swift */; };
		7BFDEC352C52251F007280F8 /* BoardFreeViewController.swift in Sources */ = {isa = PBXBuildFile; fileRef = 7BFDEC342C52251F007280F8 /* BoardFreeViewController.swift */; };
		7BFDEC372C522533007280F8 /* BoardQnAViewController.swift in Sources */ = {isa = PBXBuildFile; fileRef = 7BFDEC362C522533007280F8 /* BoardQnAViewController.swift */; };
		7BFDEC392C52253B007280F8 /* BoardWriteViewController.swift in Sources */ = {isa = PBXBuildFile; fileRef = 7BFDEC382C52253B007280F8 /* BoardWriteViewController.swift */; };
		7BFDEC3B2C5225E7007280F8 /* Constants.swift in Sources */ = {isa = PBXBuildFile; fileRef = 7BFDEC3A2C5225E7007280F8 /* Constants.swift */; };
		B5F4C4872C27B0EABD4F9B57 /* Pods_Sukbakji.framework in Frameworks */ = {isa = PBXBuildFile; fileRef = AD80D50E1E55F2DC48EFE1CF /* Pods_Sukbakji.framework */; };
		C7063B6C2C4E3D4900CFF3CE /* AlarmViewController.swift in Sources */ = {isa = PBXBuildFile; fileRef = C7063B6B2C4E3D4900CFF3CE /* AlarmViewController.swift */; };
		C7063B6E2C4E3E0100CFF3CE /* AlarmDateViewController.swift in Sources */ = {isa = PBXBuildFile; fileRef = C7063B6D2C4E3E0100CFF3CE /* AlarmDateViewController.swift */; };
		C716EF182C50FB1200474228 /* SchoolDateViewController.swift in Sources */ = {isa = PBXBuildFile; fileRef = C716EF172C50FB1200474228 /* SchoolDateViewController.swift */; };
		C71E14872C44CE59003AFCB7 /* Home.storyboard in Resources */ = {isa = PBXBuildFile; fileRef = C71E14862C44CE59003AFCB7 /* Home.storyboard */; };
		C71E14892C44CE64003AFCB7 /* Calendar.storyboard in Resources */ = {isa = PBXBuildFile; fileRef = C71E14882C44CE64003AFCB7 /* Calendar.storyboard */; };
		C71E148B2C44DBDF003AFCB7 /* HomeViewController.swift in Sources */ = {isa = PBXBuildFile; fileRef = C71E148A2C44DBDF003AFCB7 /* HomeViewController.swift */; };
		C71E148D2C44DBEE003AFCB7 /* CalendarViewController.swift in Sources */ = {isa = PBXBuildFile; fileRef = C71E148C2C44DBEE003AFCB7 /* CalendarViewController.swift */; };
		C727767E2C48CFDE000A6B25 /* SchoolSelectViewController.swift in Sources */ = {isa = PBXBuildFile; fileRef = C727767D2C48CFDE000A6B25 /* SchoolSelectViewController.swift */; };
		C72E99842C54033000BC2C9A /* SchoolAlertViewController.swift in Sources */ = {isa = PBXBuildFile; fileRef = C72E99832C54033000BC2C9A /* SchoolAlertViewController.swift */; };
		C72E99862C54040600BC2C9A /* SchoolCalendarViewController.swift in Sources */ = {isa = PBXBuildFile; fileRef = C72E99852C54040600BC2C9A /* SchoolCalendarViewController.swift */; };
		C72E99882C54043B00BC2C9A /* SchoolDeleteAlertViewController.swift in Sources */ = {isa = PBXBuildFile; fileRef = C72E99872C54043B00BC2C9A /* SchoolDeleteAlertViewController.swift */; };
		C72F14DC2C5948E30017B57E /* SchoolModel.swift in Sources */ = {isa = PBXBuildFile; fileRef = C72F14DB2C5948E30017B57E /* SchoolModel.swift */; };
		C72F14DE2C594DAA0017B57E /* CalendarFBCViewController.swift in Sources */ = {isa = PBXBuildFile; fileRef = C72F14DD2C594DAA0017B57E /* CalendarFBCViewController.swift */; };
		C7347E3A2C4D452100688768 /* Pretendard-Black.otf in Resources */ = {isa = PBXBuildFile; fileRef = C7347E312C4D410200688768 /* Pretendard-Black.otf */; };
		C7347E3B2C4D452400688768 /* Pretendard-Bold.otf in Resources */ = {isa = PBXBuildFile; fileRef = C7347E372C4D410300688768 /* Pretendard-Bold.otf */; };
		C7347E3C2C4D452600688768 /* Pretendard-ExtraBold.otf in Resources */ = {isa = PBXBuildFile; fileRef = C7347E362C4D410300688768 /* Pretendard-ExtraBold.otf */; };
		C7347E3D2C4D452700688768 /* Pretendard-ExtraLight.otf in Resources */ = {isa = PBXBuildFile; fileRef = C7347E322C4D410200688768 /* Pretendard-ExtraLight.otf */; };
		C7347E3E2C4D452A00688768 /* Pretendard-Light.otf in Resources */ = {isa = PBXBuildFile; fileRef = C7347E392C4D410300688768 /* Pretendard-Light.otf */; };
		C7347E3F2C4D452C00688768 /* Pretendard-Medium.otf in Resources */ = {isa = PBXBuildFile; fileRef = C7347E352C4D410300688768 /* Pretendard-Medium.otf */; };
		C7347E402C4D452E00688768 /* Pretendard-Regular.otf in Resources */ = {isa = PBXBuildFile; fileRef = C7347E332C4D410200688768 /* Pretendard-Regular.otf */; };
		C7347E412C4D453000688768 /* Pretendard-SemiBold.otf in Resources */ = {isa = PBXBuildFile; fileRef = C7347E382C4D410300688768 /* Pretendard-SemiBold.otf */; };
		C7347E422C4D453400688768 /* Pretendard-Thin.otf in Resources */ = {isa = PBXBuildFile; fileRef = C7347E342C4D410300688768 /* Pretendard-Thin.otf */; };
		C74D4CA92C45757200D4339D /* FavoriteLabViewController.swift in Sources */ = {isa = PBXBuildFile; fileRef = C74D4CA82C45757200D4339D /* FavoriteLabViewController.swift */; };
		C74D4CAB2C4575B600D4339D /* FavoriteBoardViewController.swift in Sources */ = {isa = PBXBuildFile; fileRef = C74D4CAA2C4575B600D4339D /* FavoriteBoardViewController.swift */; };
		C74D4CAD2C4575E000D4339D /* HotFeedViewController.swift in Sources */ = {isa = PBXBuildFile; fileRef = C74D4CAC2C4575E000D4339D /* HotFeedViewController.swift */; };
		C74D4CAF2C4576E900D4339D /* FavoriteBoardTableViewCell.swift in Sources */ = {isa = PBXBuildFile; fileRef = C74D4CAE2C4576E900D4339D /* FavoriteBoardTableViewCell.swift */; };
		C74D4CB12C4576F400D4339D /* HotFeedTableViewCell.swift in Sources */ = {isa = PBXBuildFile; fileRef = C74D4CB02C4576F400D4339D /* HotFeedTableViewCell.swift */; };
		C74D4CB32C45770800D4339D /* FavoriteLabCollectionViewCell.swift in Sources */ = {isa = PBXBuildFile; fileRef = C74D4CB22C45770800D4339D /* FavoriteLabCollectionViewCell.swift */; };
		C74DC22B2C59D6AF004BDC25 /* SchoolSearchPost.swift in Sources */ = {isa = PBXBuildFile; fileRef = C74DC22A2C59D6AF004BDC25 /* SchoolSearchPost.swift */; };
		C75C457C2C5A3B6C001DDEA8 /* SUITE-Regular.otf in Resources */ = {isa = PBXBuildFile; fileRef = C75C45752C5A3B6C001DDEA8 /* SUITE-Regular.otf */; };
		C75C457D2C5A3B6C001DDEA8 /* SUITE-Heavy.otf in Resources */ = {isa = PBXBuildFile; fileRef = C75C45762C5A3B6C001DDEA8 /* SUITE-Heavy.otf */; };
		C75C457E2C5A3B6C001DDEA8 /* SUITE-SemiBold.otf in Resources */ = {isa = PBXBuildFile; fileRef = C75C45772C5A3B6C001DDEA8 /* SUITE-SemiBold.otf */; };
		C75C457F2C5A3B6C001DDEA8 /* SUITE-ExtraBold.otf in Resources */ = {isa = PBXBuildFile; fileRef = C75C45782C5A3B6C001DDEA8 /* SUITE-ExtraBold.otf */; };
		C75C45802C5A3B6C001DDEA8 /* SUITE-Medium.otf in Resources */ = {isa = PBXBuildFile; fileRef = C75C45792C5A3B6C001DDEA8 /* SUITE-Medium.otf */; };
		C75C45812C5A3B6C001DDEA8 /* SUITE-Light.otf in Resources */ = {isa = PBXBuildFile; fileRef = C75C457A2C5A3B6C001DDEA8 /* SUITE-Light.otf */; };
		C75C45822C5A3B6C001DDEA8 /* SUITE-Bold.otf in Resources */ = {isa = PBXBuildFile; fileRef = C75C457B2C5A3B6C001DDEA8 /* SUITE-Bold.otf */; };
		C75C45842C5A47B4001DDEA8 /* AlarmDateCollectionViewCell.swift in Sources */ = {isa = PBXBuildFile; fileRef = C75C45832C5A47B4001DDEA8 /* AlarmDateCollectionViewCell.swift */; };
		C78DE55A2C48176C00A58395 /* CalendarCollectionViewCell.swift in Sources */ = {isa = PBXBuildFile; fileRef = C78DE5592C48176C00A58395 /* CalendarCollectionViewCell.swift */; };
		C78DE55C2C481CD700A58395 /* DateCollectionViewCell.swift in Sources */ = {isa = PBXBuildFile; fileRef = C78DE55B2C481CD700A58395 /* DateCollectionViewCell.swift */; };
		C78DE55E2C481F8C00A58395 /* DateViewController.swift in Sources */ = {isa = PBXBuildFile; fileRef = C78DE55D2C481F8C00A58395 /* DateViewController.swift */; };
		C7996CB02C5B4B6000DC18AF /* SchoolSelectCollectionViewCell.swift in Sources */ = {isa = PBXBuildFile; fileRef = C7996CAF2C5B4B6000DC18AF /* SchoolSelectCollectionViewCell.swift */; };
		C7996CB22C5B4FB700DC18AF /* SchoolSelectTableViewCell.swift in Sources */ = {isa = PBXBuildFile; fileRef = C7996CB12C5B4FB700DC18AF /* SchoolSelectTableViewCell.swift */; };
		C7F4552D2C39B8EE00A4D0EE /* AppDelegate.swift in Sources */ = {isa = PBXBuildFile; fileRef = C7F4552C2C39B8EE00A4D0EE /* AppDelegate.swift */; };
		C7F4552F2C39B8EE00A4D0EE /* SceneDelegate.swift in Sources */ = {isa = PBXBuildFile; fileRef = C7F4552E2C39B8EE00A4D0EE /* SceneDelegate.swift */; };
		C7F455312C39B8EE00A4D0EE /* ViewController.swift in Sources */ = {isa = PBXBuildFile; fileRef = C7F455302C39B8EE00A4D0EE /* ViewController.swift */; };
		C7F455342C39B8EE00A4D0EE /* Main.storyboard in Resources */ = {isa = PBXBuildFile; fileRef = C7F455322C39B8EE00A4D0EE /* Main.storyboard */; };
		C7F455362C39B8F000A4D0EE /* Assets.xcassets in Resources */ = {isa = PBXBuildFile; fileRef = C7F455352C39B8F000A4D0EE /* Assets.xcassets */; };
		C7F455392C39B8F000A4D0EE /* LaunchScreen.storyboard in Resources */ = {isa = PBXBuildFile; fileRef = C7F455372C39B8F000A4D0EE /* LaunchScreen.storyboard */; };
		C7FB5A9D2C43E79B001857F2 /* MainTabViewController.swift in Sources */ = {isa = PBXBuildFile; fileRef = C7FB5A9C2C43E79B001857F2 /* MainTabViewController.swift */; };
		C7FB5A9F2C43E7D7001857F2 /* TabbarShadow.swift in Sources */ = {isa = PBXBuildFile; fileRef = C7FB5A9E2C43E7D7001857F2 /* TabbarShadow.swift */; };
/* End PBXBuildFile section */

/* Begin PBXFileReference section */
		1E927070D6FD31E7F56AC090 /* Pods-Sukbakji.release.xcconfig */ = {isa = PBXFileReference; includeInIndex = 1; lastKnownFileType = text.xcconfig; name = "Pods-Sukbakji.release.xcconfig"; path = "Target Support Files/Pods-Sukbakji/Pods-Sukbakji.release.xcconfig"; sourceTree = "<group>"; };
		412BFBD52C5225010099E442 /* LoginViewController.swift */ = {isa = PBXFileReference; lastKnownFileType = sourcecode.swift; path = LoginViewController.swift; sourceTree = "<group>"; };
		412BFBD72C5225250099E442 /* EmailLoginViewController.swift */ = {isa = PBXFileReference; lastKnownFileType = sourcecode.swift; path = EmailLoginViewController.swift; sourceTree = "<group>"; };
		412BFBDC2C52257F0099E442 /* SuccessSignUpViewController.swift */ = {isa = PBXFileReference; lastKnownFileType = sourcecode.swift; path = SuccessSignUpViewController.swift; sourceTree = "<group>"; };
		412BFBDE2C5225920099E442 /* SecondAcademicVerificationViewController.swift */ = {isa = PBXFileReference; lastKnownFileType = sourcecode.swift; path = SecondAcademicVerificationViewController.swift; sourceTree = "<group>"; };
		412BFBE02C5225A20099E442 /* FirstAcademicVerificationViewController.swift */ = {isa = PBXFileReference; lastKnownFileType = sourcecode.swift; path = FirstAcademicVerificationViewController.swift; sourceTree = "<group>"; };
		412BFBE52C52A5E30099E442 /* addBorder+.swift */ = {isa = PBXFileReference; lastKnownFileType = sourcecode.swift; path = "addBorder+.swift"; sourceTree = "<group>"; };
		41EE133B2C54A94B0037EDD6 /* PopUpViewController.swift */ = {isa = PBXFileReference; lastKnownFileType = sourcecode.swift; path = PopUpViewController.swift; sourceTree = "<group>"; };
		41EE133D2C54ABB70037EDD6 /* EmailSignUpViewController.swift */ = {isa = PBXFileReference; lastKnownFileType = sourcecode.swift; path = EmailSignUpViewController.swift; sourceTree = "<group>"; };
		41EE133F2C54ABD70037EDD6 /* SignUpViewController.swift */ = {isa = PBXFileReference; lastKnownFileType = sourcecode.swift; path = SignUpViewController.swift; sourceTree = "<group>"; };
		41EE13432C54E8270037EDD6 /* UploadCompletedPopUpViewController.swift */ = {isa = PBXFileReference; lastKnownFileType = sourcecode.swift; path = UploadCompletedPopUpViewController.swift; sourceTree = "<group>"; };
		41EE13462C54ECCD0037EDD6 /* ResearchTopicViewController.swift */ = {isa = PBXFileReference; lastKnownFileType = sourcecode.swift; path = ResearchTopicViewController.swift; sourceTree = "<group>"; };
		41EE13492C5510A80037EDD6 /* TagCell.swift */ = {isa = PBXFileReference; lastKnownFileType = sourcecode.swift; path = TagCell.swift; sourceTree = "<group>"; };
		41EE134B2C5520060037EDD6 /* LeftAlignedCollectionViewFlowLayout.swift */ = {isa = PBXFileReference; lastKnownFileType = sourcecode.swift; path = LeftAlignedCollectionViewFlowLayout.swift; sourceTree = "<group>"; };
		41EE134D2C5529B20037EDD6 /* SelectResearchTopicViewController.swift */ = {isa = PBXFileReference; lastKnownFileType = sourcecode.swift; path = SelectResearchTopicViewController.swift; sourceTree = "<group>"; };
		7B3E3D262C541F8A002D6A43 /* HotBoardViewController.swift */ = {isa = PBXFileReference; lastKnownFileType = sourcecode.swift; path = HotBoardViewController.swift; sourceTree = "<group>"; };
		7B3E3D282C5423A6002D6A43 /* WrittenBoardViewController.swift */ = {isa = PBXFileReference; lastKnownFileType = sourcecode.swift; path = WrittenBoardViewController.swift; sourceTree = "<group>"; };
		7B3E3D2A2C5423B3002D6A43 /* ScrappedBoardViewController.swift */ = {isa = PBXFileReference; lastKnownFileType = sourcecode.swift; path = ScrappedBoardViewController.swift; sourceTree = "<group>"; };
		7B3E3D2C2C5423D6002D6A43 /* CommentedBoardViewController.swift */ = {isa = PBXFileReference; lastKnownFileType = sourcecode.swift; path = CommentedBoardViewController.swift; sourceTree = "<group>"; };
		7B3E3D2E2C542862002D6A43 /* EmploymentReviewWriteBoardViewController.swift */ = {isa = PBXFileReference; lastKnownFileType = sourcecode.swift; path = EmploymentReviewWriteBoardViewController.swift; sourceTree = "<group>"; };
		7BFDEC2A2C5224EF007280F8 /* BoardViewController.swift */ = {isa = PBXFileReference; lastKnownFileType = sourcecode.swift; path = BoardViewController.swift; sourceTree = "<group>"; };
		7BFDEC2C2C5224F7007280F8 /* BoardMainViewController.swift */ = {isa = PBXFileReference; lastKnownFileType = sourcecode.swift; path = BoardMainViewController.swift; sourceTree = "<group>"; };
		7BFDEC2E2C522503007280F8 /* BoardDoctoralViewController.swift */ = {isa = PBXFileReference; lastKnownFileType = sourcecode.swift; path = BoardDoctoralViewController.swift; sourceTree = "<group>"; };
		7BFDEC302C52250A007280F8 /* BoardMasterViewController.swift */ = {isa = PBXFileReference; lastKnownFileType = sourcecode.swift; path = BoardMasterViewController.swift; sourceTree = "<group>"; };
		7BFDEC322C522517007280F8 /* BoardAdmissionViewController.swift */ = {isa = PBXFileReference; lastKnownFileType = sourcecode.swift; path = BoardAdmissionViewController.swift; sourceTree = "<group>"; };
		7BFDEC342C52251F007280F8 /* BoardFreeViewController.swift */ = {isa = PBXFileReference; lastKnownFileType = sourcecode.swift; path = BoardFreeViewController.swift; sourceTree = "<group>"; };
		7BFDEC362C522533007280F8 /* BoardQnAViewController.swift */ = {isa = PBXFileReference; lastKnownFileType = sourcecode.swift; path = BoardQnAViewController.swift; sourceTree = "<group>"; };
		7BFDEC382C52253B007280F8 /* BoardWriteViewController.swift */ = {isa = PBXFileReference; lastKnownFileType = sourcecode.swift; path = BoardWriteViewController.swift; sourceTree = "<group>"; };
		7BFDEC3A2C5225E7007280F8 /* Constants.swift */ = {isa = PBXFileReference; lastKnownFileType = sourcecode.swift; path = Constants.swift; sourceTree = "<group>"; };
		AD673DD6C380765DA0B7288E /* Pods-Sukbakji.debug.xcconfig */ = {isa = PBXFileReference; includeInIndex = 1; lastKnownFileType = text.xcconfig; name = "Pods-Sukbakji.debug.xcconfig"; path = "Target Support Files/Pods-Sukbakji/Pods-Sukbakji.debug.xcconfig"; sourceTree = "<group>"; };
		AD80D50E1E55F2DC48EFE1CF /* Pods_Sukbakji.framework */ = {isa = PBXFileReference; explicitFileType = wrapper.framework; includeInIndex = 0; path = Pods_Sukbakji.framework; sourceTree = BUILT_PRODUCTS_DIR; };
		C7063B6B2C4E3D4900CFF3CE /* AlarmViewController.swift */ = {isa = PBXFileReference; lastKnownFileType = sourcecode.swift; path = AlarmViewController.swift; sourceTree = "<group>"; };
		C7063B6D2C4E3E0100CFF3CE /* AlarmDateViewController.swift */ = {isa = PBXFileReference; lastKnownFileType = sourcecode.swift; path = AlarmDateViewController.swift; sourceTree = "<group>"; };
		C716EF172C50FB1200474228 /* SchoolDateViewController.swift */ = {isa = PBXFileReference; lastKnownFileType = sourcecode.swift; path = SchoolDateViewController.swift; sourceTree = "<group>"; };
		C71E14862C44CE59003AFCB7 /* Home.storyboard */ = {isa = PBXFileReference; lastKnownFileType = file.storyboard; path = Home.storyboard; sourceTree = "<group>"; };
		C71E14882C44CE64003AFCB7 /* Calendar.storyboard */ = {isa = PBXFileReference; lastKnownFileType = file.storyboard; path = Calendar.storyboard; sourceTree = "<group>"; };
		C71E148A2C44DBDF003AFCB7 /* HomeViewController.swift */ = {isa = PBXFileReference; lastKnownFileType = sourcecode.swift; path = HomeViewController.swift; sourceTree = "<group>"; };
		C71E148C2C44DBEE003AFCB7 /* CalendarViewController.swift */ = {isa = PBXFileReference; lastKnownFileType = sourcecode.swift; path = CalendarViewController.swift; sourceTree = "<group>"; };
		C727767D2C48CFDE000A6B25 /* SchoolSelectViewController.swift */ = {isa = PBXFileReference; lastKnownFileType = sourcecode.swift; path = SchoolSelectViewController.swift; sourceTree = "<group>"; };
		C72E99832C54033000BC2C9A /* SchoolAlertViewController.swift */ = {isa = PBXFileReference; lastKnownFileType = sourcecode.swift; path = SchoolAlertViewController.swift; sourceTree = "<group>"; };
		C72E99852C54040600BC2C9A /* SchoolCalendarViewController.swift */ = {isa = PBXFileReference; lastKnownFileType = sourcecode.swift; path = SchoolCalendarViewController.swift; sourceTree = "<group>"; };
		C72E99872C54043B00BC2C9A /* SchoolDeleteAlertViewController.swift */ = {isa = PBXFileReference; lastKnownFileType = sourcecode.swift; path = SchoolDeleteAlertViewController.swift; sourceTree = "<group>"; };
		C72F14DB2C5948E30017B57E /* SchoolModel.swift */ = {isa = PBXFileReference; lastKnownFileType = sourcecode.swift; path = SchoolModel.swift; sourceTree = "<group>"; };
		C72F14DD2C594DAA0017B57E /* CalendarFBCViewController.swift */ = {isa = PBXFileReference; lastKnownFileType = sourcecode.swift; path = CalendarFBCViewController.swift; sourceTree = "<group>"; };
		C7347E312C4D410200688768 /* Pretendard-Black.otf */ = {isa = PBXFileReference; lastKnownFileType = file; path = "Pretendard-Black.otf"; sourceTree = "<group>"; };
		C7347E322C4D410200688768 /* Pretendard-ExtraLight.otf */ = {isa = PBXFileReference; lastKnownFileType = file; path = "Pretendard-ExtraLight.otf"; sourceTree = "<group>"; };
		C7347E332C4D410200688768 /* Pretendard-Regular.otf */ = {isa = PBXFileReference; lastKnownFileType = file; path = "Pretendard-Regular.otf"; sourceTree = "<group>"; };
		C7347E342C4D410300688768 /* Pretendard-Thin.otf */ = {isa = PBXFileReference; lastKnownFileType = file; path = "Pretendard-Thin.otf"; sourceTree = "<group>"; };
		C7347E352C4D410300688768 /* Pretendard-Medium.otf */ = {isa = PBXFileReference; lastKnownFileType = file; path = "Pretendard-Medium.otf"; sourceTree = "<group>"; };
		C7347E362C4D410300688768 /* Pretendard-ExtraBold.otf */ = {isa = PBXFileReference; lastKnownFileType = file; path = "Pretendard-ExtraBold.otf"; sourceTree = "<group>"; };
		C7347E372C4D410300688768 /* Pretendard-Bold.otf */ = {isa = PBXFileReference; lastKnownFileType = file; path = "Pretendard-Bold.otf"; sourceTree = "<group>"; };
		C7347E382C4D410300688768 /* Pretendard-SemiBold.otf */ = {isa = PBXFileReference; lastKnownFileType = file; path = "Pretendard-SemiBold.otf"; sourceTree = "<group>"; };
		C7347E392C4D410300688768 /* Pretendard-Light.otf */ = {isa = PBXFileReference; lastKnownFileType = file; path = "Pretendard-Light.otf"; sourceTree = "<group>"; };
		C74D4CA82C45757200D4339D /* FavoriteLabViewController.swift */ = {isa = PBXFileReference; lastKnownFileType = sourcecode.swift; path = FavoriteLabViewController.swift; sourceTree = "<group>"; };
		C74D4CAA2C4575B600D4339D /* FavoriteBoardViewController.swift */ = {isa = PBXFileReference; lastKnownFileType = sourcecode.swift; path = FavoriteBoardViewController.swift; sourceTree = "<group>"; };
		C74D4CAC2C4575E000D4339D /* HotFeedViewController.swift */ = {isa = PBXFileReference; lastKnownFileType = sourcecode.swift; path = HotFeedViewController.swift; sourceTree = "<group>"; };
		C74D4CAE2C4576E900D4339D /* FavoriteBoardTableViewCell.swift */ = {isa = PBXFileReference; lastKnownFileType = sourcecode.swift; path = FavoriteBoardTableViewCell.swift; sourceTree = "<group>"; };
		C74D4CB02C4576F400D4339D /* HotFeedTableViewCell.swift */ = {isa = PBXFileReference; lastKnownFileType = sourcecode.swift; path = HotFeedTableViewCell.swift; sourceTree = "<group>"; };
		C74D4CB22C45770800D4339D /* FavoriteLabCollectionViewCell.swift */ = {isa = PBXFileReference; lastKnownFileType = sourcecode.swift; path = FavoriteLabCollectionViewCell.swift; sourceTree = "<group>"; };
		C74DC22A2C59D6AF004BDC25 /* SchoolSearchPost.swift */ = {isa = PBXFileReference; lastKnownFileType = sourcecode.swift; path = SchoolSearchPost.swift; sourceTree = "<group>"; };
		C75C45752C5A3B6C001DDEA8 /* SUITE-Regular.otf */ = {isa = PBXFileReference; lastKnownFileType = file; name = "SUITE-Regular.otf"; path = "../../../../../Downloads/SUITE-otf/SUITE-Regular.otf"; sourceTree = "<group>"; };
		C75C45762C5A3B6C001DDEA8 /* SUITE-Heavy.otf */ = {isa = PBXFileReference; lastKnownFileType = file; name = "SUITE-Heavy.otf"; path = "../../../../../Downloads/SUITE-otf/SUITE-Heavy.otf"; sourceTree = "<group>"; };
		C75C45772C5A3B6C001DDEA8 /* SUITE-SemiBold.otf */ = {isa = PBXFileReference; lastKnownFileType = file; name = "SUITE-SemiBold.otf"; path = "../../../../../Downloads/SUITE-otf/SUITE-SemiBold.otf"; sourceTree = "<group>"; };
		C75C45782C5A3B6C001DDEA8 /* SUITE-ExtraBold.otf */ = {isa = PBXFileReference; lastKnownFileType = file; name = "SUITE-ExtraBold.otf"; path = "../../../../../Downloads/SUITE-otf/SUITE-ExtraBold.otf"; sourceTree = "<group>"; };
		C75C45792C5A3B6C001DDEA8 /* SUITE-Medium.otf */ = {isa = PBXFileReference; lastKnownFileType = file; name = "SUITE-Medium.otf"; path = "../../../../../Downloads/SUITE-otf/SUITE-Medium.otf"; sourceTree = "<group>"; };
		C75C457A2C5A3B6C001DDEA8 /* SUITE-Light.otf */ = {isa = PBXFileReference; lastKnownFileType = file; name = "SUITE-Light.otf"; path = "../../../../../Downloads/SUITE-otf/SUITE-Light.otf"; sourceTree = "<group>"; };
		C75C457B2C5A3B6C001DDEA8 /* SUITE-Bold.otf */ = {isa = PBXFileReference; lastKnownFileType = file; name = "SUITE-Bold.otf"; path = "../../../../../Downloads/SUITE-otf/SUITE-Bold.otf"; sourceTree = "<group>"; };
		C75C45832C5A47B4001DDEA8 /* AlarmDateCollectionViewCell.swift */ = {isa = PBXFileReference; lastKnownFileType = sourcecode.swift; path = AlarmDateCollectionViewCell.swift; sourceTree = "<group>"; };
		C78DE5592C48176C00A58395 /* CalendarCollectionViewCell.swift */ = {isa = PBXFileReference; lastKnownFileType = sourcecode.swift; path = CalendarCollectionViewCell.swift; sourceTree = "<group>"; };
		C78DE55B2C481CD700A58395 /* DateCollectionViewCell.swift */ = {isa = PBXFileReference; lastKnownFileType = sourcecode.swift; path = DateCollectionViewCell.swift; sourceTree = "<group>"; };
		C78DE55D2C481F8C00A58395 /* DateViewController.swift */ = {isa = PBXFileReference; lastKnownFileType = sourcecode.swift; path = DateViewController.swift; sourceTree = "<group>"; };
		C7996CAF2C5B4B6000DC18AF /* SchoolSelectCollectionViewCell.swift */ = {isa = PBXFileReference; lastKnownFileType = sourcecode.swift; path = SchoolSelectCollectionViewCell.swift; sourceTree = "<group>"; };
		C7996CB12C5B4FB700DC18AF /* SchoolSelectTableViewCell.swift */ = {isa = PBXFileReference; lastKnownFileType = sourcecode.swift; path = SchoolSelectTableViewCell.swift; sourceTree = "<group>"; };
		C7F455292C39B8EE00A4D0EE /* Sukbakji.app */ = {isa = PBXFileReference; explicitFileType = wrapper.application; includeInIndex = 0; path = Sukbakji.app; sourceTree = BUILT_PRODUCTS_DIR; };
		C7F4552C2C39B8EE00A4D0EE /* AppDelegate.swift */ = {isa = PBXFileReference; lastKnownFileType = sourcecode.swift; path = AppDelegate.swift; sourceTree = "<group>"; };
		C7F4552E2C39B8EE00A4D0EE /* SceneDelegate.swift */ = {isa = PBXFileReference; lastKnownFileType = sourcecode.swift; path = SceneDelegate.swift; sourceTree = "<group>"; };
		C7F455302C39B8EE00A4D0EE /* ViewController.swift */ = {isa = PBXFileReference; lastKnownFileType = sourcecode.swift; path = ViewController.swift; sourceTree = "<group>"; };
		C7F455332C39B8EE00A4D0EE /* Base */ = {isa = PBXFileReference; lastKnownFileType = file.storyboard; name = Base; path = Base.lproj/Main.storyboard; sourceTree = "<group>"; };
		C7F455352C39B8F000A4D0EE /* Assets.xcassets */ = {isa = PBXFileReference; lastKnownFileType = folder.assetcatalog; path = Assets.xcassets; sourceTree = "<group>"; };
		C7F455382C39B8F000A4D0EE /* Base */ = {isa = PBXFileReference; lastKnownFileType = file.storyboard; name = Base; path = Base.lproj/LaunchScreen.storyboard; sourceTree = "<group>"; };
		C7F4553A2C39B8F000A4D0EE /* Info.plist */ = {isa = PBXFileReference; lastKnownFileType = text.plist.xml; path = Info.plist; sourceTree = "<group>"; };
		C7FB5A9C2C43E79B001857F2 /* MainTabViewController.swift */ = {isa = PBXFileReference; lastKnownFileType = sourcecode.swift; path = MainTabViewController.swift; sourceTree = "<group>"; };
		C7FB5A9E2C43E7D7001857F2 /* TabbarShadow.swift */ = {isa = PBXFileReference; lastKnownFileType = sourcecode.swift; path = TabbarShadow.swift; sourceTree = "<group>"; };
/* End PBXFileReference section */

/* Begin PBXFrameworksBuildPhase section */
		C7F455262C39B8EE00A4D0EE /* Frameworks */ = {
			isa = PBXFrameworksBuildPhase;
			buildActionMask = 2147483647;
			files = (
				B5F4C4872C27B0EABD4F9B57 /* Pods_Sukbakji.framework in Frameworks */,
			);
			runOnlyForDeploymentPostprocessing = 0;
		};
/* End PBXFrameworksBuildPhase section */

/* Begin PBXGroup section */
		412BFBD42C5224EB0099E442 /* Login */ = {
			isa = PBXGroup;
			children = (
				412BFBD52C5225010099E442 /* LoginViewController.swift */,
				412BFBD72C5225250099E442 /* EmailLoginViewController.swift */,
			);
			path = Login;
			sourceTree = "<group>";
		};
		412BFBD92C52252C0099E442 /* SignUp */ = {
			isa = PBXGroup;
			children = (
				41EE13482C5510960037EDD6 /* TopicCell */,
				41EE13452C54EC8A0037EDD6 /* AcadmicVerification */,
				41EE13362C54016C0037EDD6 /* PopUp */,
				412BFBDC2C52257F0099E442 /* SuccessSignUpViewController.swift */,
				41EE133D2C54ABB70037EDD6 /* EmailSignUpViewController.swift */,
				41EE133F2C54ABD70037EDD6 /* SignUpViewController.swift */,
				41EE13462C54ECCD0037EDD6 /* ResearchTopicViewController.swift */,
				41EE134D2C5529B20037EDD6 /* SelectResearchTopicViewController.swift */,
			);
			path = SignUp;
			sourceTree = "<group>";
		};
		412BFBE42C52A5D20099E442 /* Extension */ = {
			isa = PBXGroup;
			children = (
				412BFBE52C52A5E30099E442 /* addBorder+.swift */,
			);
			path = Extension;
			sourceTree = "<group>";
		};
		41EE13362C54016C0037EDD6 /* PopUp */ = {
			isa = PBXGroup;
			children = (
				41EE133B2C54A94B0037EDD6 /* PopUpViewController.swift */,
				41EE13432C54E8270037EDD6 /* UploadCompletedPopUpViewController.swift */,
			);
			path = PopUp;
			sourceTree = "<group>";
		};
		41EE13452C54EC8A0037EDD6 /* AcadmicVerification */ = {
			isa = PBXGroup;
			children = (
				412BFBDE2C5225920099E442 /* SecondAcademicVerificationViewController.swift */,
				412BFBE02C5225A20099E442 /* FirstAcademicVerificationViewController.swift */,
			);
			path = AcadmicVerification;
			sourceTree = "<group>";
		};
		41EE13482C5510960037EDD6 /* TopicCell */ = {
			isa = PBXGroup;
			children = (
				41EE13492C5510A80037EDD6 /* TagCell.swift */,
				41EE134B2C5520060037EDD6 /* LeftAlignedCollectionViewFlowLayout.swift */,
			);
			path = TopicCell;
			sourceTree = "<group>";
		};
		58D31CF4877F1948B0BBDBEF /* Frameworks */ = {
			isa = PBXGroup;
			children = (
				AD80D50E1E55F2DC48EFE1CF /* Pods_Sukbakji.framework */,
			);
			name = Frameworks;
			sourceTree = "<group>";
		};
		7B3E3D252C541F35002D6A43 /* Free */ = {
			isa = PBXGroup;
			children = (
				7BFDEC342C52251F007280F8 /* BoardFreeViewController.swift */,
			);
			path = Free;
			sourceTree = "<group>";
		};
		7B969F5E2C541E6000F34A18 /* Main */ = {
			isa = PBXGroup;
			children = (
				7BFDEC2C2C5224F7007280F8 /* BoardMainViewController.swift */,
				7BFDEC362C522533007280F8 /* BoardQnAViewController.swift */,
				7B3E3D262C541F8A002D6A43 /* HotBoardViewController.swift */,
				7B3E3D282C5423A6002D6A43 /* WrittenBoardViewController.swift */,
				7B3E3D2A2C5423B3002D6A43 /* ScrappedBoardViewController.swift */,
				7B3E3D2C2C5423D6002D6A43 /* CommentedBoardViewController.swift */,
			);
			path = Main;
			sourceTree = "<group>";
		};
		7B969F5F2C541E6600F34A18 /* Admission */ = {
			isa = PBXGroup;
			children = (
				7BFDEC322C522517007280F8 /* BoardAdmissionViewController.swift */,
			);
			path = Admission;
			sourceTree = "<group>";
		};
		7B969F602C541E7500F34A18 /* Master */ = {
			isa = PBXGroup;
			children = (
				7BFDEC302C52250A007280F8 /* BoardMasterViewController.swift */,
			);
			path = Master;
			sourceTree = "<group>";
		};
		7B969F612C541E7F00F34A18 /* Doctoral */ = {
			isa = PBXGroup;
			children = (
				7BFDEC2E2C522503007280F8 /* BoardDoctoralViewController.swift */,
			);
			path = Doctoral;
			sourceTree = "<group>";
		};
		7BFDEC292C5224CD007280F8 /* Board */ = {
			isa = PBXGroup;
			children = (
				7BFDEC2A2C5224EF007280F8 /* BoardViewController.swift */,
				7B969F5E2C541E6000F34A18 /* Main */,
				7B969F612C541E7F00F34A18 /* Doctoral */,
				7B969F602C541E7500F34A18 /* Master */,
				7B969F5F2C541E6600F34A18 /* Admission */,
				7B3E3D252C541F35002D6A43 /* Free */,
				7BFDEC382C52253B007280F8 /* BoardWriteViewController.swift */,
				7B3E3D2E2C542862002D6A43 /* EmploymentReviewWriteBoardViewController.swift */,
			);
			path = Board;
			sourceTree = "<group>";
		};
		A7354ED8CCE70303B1993A7F /* Pods */ = {
			isa = PBXGroup;
			children = (
				AD673DD6C380765DA0B7288E /* Pods-Sukbakji.debug.xcconfig */,
				1E927070D6FD31E7F56AC090 /* Pods-Sukbakji.release.xcconfig */,
			);
			path = Pods;
			sourceTree = "<group>";
		};
		C71E14842C44CE44003AFCB7 /* Home */ = {
			isa = PBXGroup;
			children = (
				C71E14862C44CE59003AFCB7 /* Home.storyboard */,
				C71E148A2C44DBDF003AFCB7 /* HomeViewController.swift */,
				C74D4CAA2C4575B600D4339D /* FavoriteBoardViewController.swift */,
				C74D4CAC2C4575E000D4339D /* HotFeedViewController.swift */,
				C74D4CA82C45757200D4339D /* FavoriteLabViewController.swift */,
				C74D4CAE2C4576E900D4339D /* FavoriteBoardTableViewCell.swift */,
				C74D4CB02C4576F400D4339D /* HotFeedTableViewCell.swift */,
				C74D4CB22C45770800D4339D /* FavoriteLabCollectionViewCell.swift */,
			);
			path = Home;
			sourceTree = "<group>";
		};
		C71E14852C44CE4B003AFCB7 /* Calendar */ = {
			isa = PBXGroup;
			children = (
				C72F14DA2C5948CA0017B57E /* CalendarModel */,
				C71E14882C44CE64003AFCB7 /* Calendar.storyboard */,
				C71E148C2C44DBEE003AFCB7 /* CalendarViewController.swift */,
				C72F14DD2C594DAA0017B57E /* CalendarFBCViewController.swift */,
				C78DE5592C48176C00A58395 /* CalendarCollectionViewCell.swift */,
				C78DE55D2C481F8C00A58395 /* DateViewController.swift */,
				C78DE55B2C481CD700A58395 /* DateCollectionViewCell.swift */,
				C727767D2C48CFDE000A6B25 /* SchoolSelectViewController.swift */,
				C7996CAF2C5B4B6000DC18AF /* SchoolSelectCollectionViewCell.swift */,
				C7996CB12C5B4FB700DC18AF /* SchoolSelectTableViewCell.swift */,
				C716EF172C50FB1200474228 /* SchoolDateViewController.swift */,
				C72E99832C54033000BC2C9A /* SchoolAlertViewController.swift */,
				C72E99852C54040600BC2C9A /* SchoolCalendarViewController.swift */,
				C7063B6B2C4E3D4900CFF3CE /* AlarmViewController.swift */,
				C7063B6D2C4E3E0100CFF3CE /* AlarmDateViewController.swift */,
				C75C45832C5A47B4001DDEA8 /* AlarmDateCollectionViewCell.swift */,
				C72E99872C54043B00BC2C9A /* SchoolDeleteAlertViewController.swift */,
			);
			path = Calendar;
			sourceTree = "<group>";
		};
		C72F14DA2C5948CA0017B57E /* CalendarModel */ = {
			isa = PBXGroup;
			children = (
				C72F14DB2C5948E30017B57E /* SchoolModel.swift */,
				C74DC22A2C59D6AF004BDC25 /* SchoolSearchPost.swift */,
			);
			path = CalendarModel;
			sourceTree = "<group>";
		};
		C7347E302C4D40F300688768 /* Pretendard */ = {
			isa = PBXGroup;
			children = (
				C7347E312C4D410200688768 /* Pretendard-Black.otf */,
				C7347E372C4D410300688768 /* Pretendard-Bold.otf */,
				C7347E362C4D410300688768 /* Pretendard-ExtraBold.otf */,
				C7347E322C4D410200688768 /* Pretendard-ExtraLight.otf */,
				C7347E392C4D410300688768 /* Pretendard-Light.otf */,
				C7347E352C4D410300688768 /* Pretendard-Medium.otf */,
				C7347E332C4D410200688768 /* Pretendard-Regular.otf */,
				C7347E382C4D410300688768 /* Pretendard-SemiBold.otf */,
				C7347E342C4D410300688768 /* Pretendard-Thin.otf */,
				C75C457B2C5A3B6C001DDEA8 /* SUITE-Bold.otf */,
				C75C45782C5A3B6C001DDEA8 /* SUITE-ExtraBold.otf */,
				C75C45762C5A3B6C001DDEA8 /* SUITE-Heavy.otf */,
				C75C457A2C5A3B6C001DDEA8 /* SUITE-Light.otf */,
				C75C45792C5A3B6C001DDEA8 /* SUITE-Medium.otf */,
				C75C45752C5A3B6C001DDEA8 /* SUITE-Regular.otf */,
				C75C45772C5A3B6C001DDEA8 /* SUITE-SemiBold.otf */,
			);
			path = Pretendard;
			sourceTree = "<group>";
		};
		C763D71E2C3BBA8900201913 /* Main */ = {
			isa = PBXGroup;
			children = (
				C7F455322C39B8EE00A4D0EE /* Main.storyboard */,
				C7F455302C39B8EE00A4D0EE /* ViewController.swift */,
				C7FB5A9C2C43E79B001857F2 /* MainTabViewController.swift */,
				C7FB5A9E2C43E7D7001857F2 /* TabbarShadow.swift */,
			);
			path = Main;
			sourceTree = "<group>";
		};
		C7A7BC262C3AF2D4007E66DA /* Font */ = {
			isa = PBXGroup;
			children = (
				C7347E302C4D40F300688768 /* Pretendard */,
			);
			path = Font;
			sourceTree = "<group>";
		};
		C7F455202C39B8EE00A4D0EE = {
			isa = PBXGroup;
			children = (
				C7F4552B2C39B8EE00A4D0EE /* Sukbakji */,
				C7F4552A2C39B8EE00A4D0EE /* Products */,
				A7354ED8CCE70303B1993A7F /* Pods */,
				58D31CF4877F1948B0BBDBEF /* Frameworks */,
			);
			sourceTree = "<group>";
		};
		C7F4552A2C39B8EE00A4D0EE /* Products */ = {
			isa = PBXGroup;
			children = (
				C7F455292C39B8EE00A4D0EE /* Sukbakji.app */,
			);
			name = Products;
			sourceTree = "<group>";
		};
		C7F4552B2C39B8EE00A4D0EE /* Sukbakji */ = {
			isa = PBXGroup;
			children = (
				412BFBD92C52252C0099E442 /* SignUp */,
				412BFBD42C5224EB0099E442 /* Login */,
				7BFDEC292C5224CD007280F8 /* Board */,
				C71E14852C44CE4B003AFCB7 /* Calendar */,
				C71E14842C44CE44003AFCB7 /* Home */,
				C763D71E2C3BBA8900201913 /* Main */,
				C7A7BC262C3AF2D4007E66DA /* Font */,
				412BFBE42C52A5D20099E442 /* Extension */,
				C7F4552C2C39B8EE00A4D0EE /* AppDelegate.swift */,
				C7F4552E2C39B8EE00A4D0EE /* SceneDelegate.swift */,
				7BFDEC3A2C5225E7007280F8 /* Constants.swift */,
				C7F455352C39B8F000A4D0EE /* Assets.xcassets */,
				C7F455372C39B8F000A4D0EE /* LaunchScreen.storyboard */,
				C7F4553A2C39B8F000A4D0EE /* Info.plist */,
			);
			path = Sukbakji;
			sourceTree = "<group>";
		};
/* End PBXGroup section */

/* Begin PBXNativeTarget section */
		C7F455282C39B8EE00A4D0EE /* Sukbakji */ = {
			isa = PBXNativeTarget;
			buildConfigurationList = C7F4553D2C39B8F000A4D0EE /* Build configuration list for PBXNativeTarget "Sukbakji" */;
			buildPhases = (
				05C3530C28A71B785F170F89 /* [CP] Check Pods Manifest.lock */,
				C7F455252C39B8EE00A4D0EE /* Sources */,
				C7F455262C39B8EE00A4D0EE /* Frameworks */,
				C7F455272C39B8EE00A4D0EE /* Resources */,
				73A6624773F1F93A98B21963 /* [CP] Embed Pods Frameworks */,
			);
			buildRules = (
			);
			dependencies = (
			);
			name = Sukbakji;
			productName = Sukbakji;
			productReference = C7F455292C39B8EE00A4D0EE /* Sukbakji.app */;
			productType = "com.apple.product-type.application";
		};
/* End PBXNativeTarget section */

/* Begin PBXProject section */
		C7F455212C39B8EE00A4D0EE /* Project object */ = {
			isa = PBXProject;
			attributes = {
				BuildIndependentTargetsInParallel = 1;
				LastSwiftUpdateCheck = 1500;
				LastUpgradeCheck = 1500;
				TargetAttributes = {
					C7F455282C39B8EE00A4D0EE = {
						CreatedOnToolsVersion = 15.0.1;
					};
				};
			};
			buildConfigurationList = C7F455242C39B8EE00A4D0EE /* Build configuration list for PBXProject "Sukbakji" */;
			compatibilityVersion = "Xcode 14.0";
			developmentRegion = en;
			hasScannedForEncodings = 0;
			knownRegions = (
				en,
				Base,
			);
			mainGroup = C7F455202C39B8EE00A4D0EE;
			productRefGroup = C7F4552A2C39B8EE00A4D0EE /* Products */;
			projectDirPath = "";
			projectRoot = "";
			targets = (
				C7F455282C39B8EE00A4D0EE /* Sukbakji */,
			);
		};
/* End PBXProject section */

/* Begin PBXResourcesBuildPhase section */
		C7F455272C39B8EE00A4D0EE /* Resources */ = {
			isa = PBXResourcesBuildPhase;
			buildActionMask = 2147483647;
			files = (
				C7347E3D2C4D452700688768 /* Pretendard-ExtraLight.otf in Resources */,
				C75C45812C5A3B6C001DDEA8 /* SUITE-Light.otf in Resources */,
				C7347E402C4D452E00688768 /* Pretendard-Regular.otf in Resources */,
				C7F455392C39B8F000A4D0EE /* LaunchScreen.storyboard in Resources */,
				C7347E412C4D453000688768 /* Pretendard-SemiBold.otf in Resources */,
				C71E14872C44CE59003AFCB7 /* Home.storyboard in Resources */,
				C75C45802C5A3B6C001DDEA8 /* SUITE-Medium.otf in Resources */,
				C7347E3E2C4D452A00688768 /* Pretendard-Light.otf in Resources */,
				C7347E3C2C4D452600688768 /* Pretendard-ExtraBold.otf in Resources */,
				C7347E3B2C4D452400688768 /* Pretendard-Bold.otf in Resources */,
				C71E14892C44CE64003AFCB7 /* Calendar.storyboard in Resources */,
				C7347E422C4D453400688768 /* Pretendard-Thin.otf in Resources */,
				C75C457D2C5A3B6C001DDEA8 /* SUITE-Heavy.otf in Resources */,
				C75C457E2C5A3B6C001DDEA8 /* SUITE-SemiBold.otf in Resources */,
				C75C457C2C5A3B6C001DDEA8 /* SUITE-Regular.otf in Resources */,
				C7F455362C39B8F000A4D0EE /* Assets.xcassets in Resources */,
				C7347E3A2C4D452100688768 /* Pretendard-Black.otf in Resources */,
				C7F455342C39B8EE00A4D0EE /* Main.storyboard in Resources */,
				C75C457F2C5A3B6C001DDEA8 /* SUITE-ExtraBold.otf in Resources */,
				C7347E3F2C4D452C00688768 /* Pretendard-Medium.otf in Resources */,
				C75C45822C5A3B6C001DDEA8 /* SUITE-Bold.otf in Resources */,
			);
			runOnlyForDeploymentPostprocessing = 0;
		};
/* End PBXResourcesBuildPhase section */

/* Begin PBXShellScriptBuildPhase section */
		05C3530C28A71B785F170F89 /* [CP] Check Pods Manifest.lock */ = {
			isa = PBXShellScriptBuildPhase;
			buildActionMask = 2147483647;
			files = (
			);
			inputFileListPaths = (
			);
			inputPaths = (
				"${PODS_PODFILE_DIR_PATH}/Podfile.lock",
				"${PODS_ROOT}/Manifest.lock",
			);
			name = "[CP] Check Pods Manifest.lock";
			outputFileListPaths = (
			);
			outputPaths = (
				"$(DERIVED_FILE_DIR)/Pods-Sukbakji-checkManifestLockResult.txt",
			);
			runOnlyForDeploymentPostprocessing = 0;
			shellPath = /bin/sh;
			shellScript = "diff \"${PODS_PODFILE_DIR_PATH}/Podfile.lock\" \"${PODS_ROOT}/Manifest.lock\" > /dev/null\nif [ $? != 0 ] ; then\n    # print error to STDERR\n    echo \"error: The sandbox is not in sync with the Podfile.lock. Run 'pod install' or update your CocoaPods installation.\" >&2\n    exit 1\nfi\n# This output is used by Xcode 'outputs' to avoid re-running this script phase.\necho \"SUCCESS\" > \"${SCRIPT_OUTPUT_FILE_0}\"\n";
			showEnvVarsInLog = 0;
		};
		73A6624773F1F93A98B21963 /* [CP] Embed Pods Frameworks */ = {
			isa = PBXShellScriptBuildPhase;
			buildActionMask = 2147483647;
			files = (
			);
			inputFileListPaths = (
				"${PODS_ROOT}/Target Support Files/Pods-Sukbakji/Pods-Sukbakji-frameworks-${CONFIGURATION}-input-files.xcfilelist",
			);
			name = "[CP] Embed Pods Frameworks";
			outputFileListPaths = (
				"${PODS_ROOT}/Target Support Files/Pods-Sukbakji/Pods-Sukbakji-frameworks-${CONFIGURATION}-output-files.xcfilelist",
			);
			runOnlyForDeploymentPostprocessing = 0;
			shellPath = /bin/sh;
			shellScript = "\"${PODS_ROOT}/Target Support Files/Pods-Sukbakji/Pods-Sukbakji-frameworks.sh\"\n";
			showEnvVarsInLog = 0;
		};
/* End PBXShellScriptBuildPhase section */

/* Begin PBXSourcesBuildPhase section */
		C7F455252C39B8EE00A4D0EE /* Sources */ = {
			isa = PBXSourcesBuildPhase;
			buildActionMask = 2147483647;
			files = (
				412BFBD62C5225010099E442 /* LoginViewController.swift in Sources */,
				412BFBDF2C5225920099E442 /* SecondAcademicVerificationViewController.swift in Sources */,
				41EE134C2C5520060037EDD6 /* LeftAlignedCollectionViewFlowLayout.swift in Sources */,
				7BFDEC372C522533007280F8 /* BoardQnAViewController.swift in Sources */,
				C78DE55E2C481F8C00A58395 /* DateViewController.swift in Sources */,
				C7063B6E2C4E3E0100CFF3CE /* AlarmDateViewController.swift in Sources */,
				41EE13472C54ECCD0037EDD6 /* ResearchTopicViewController.swift in Sources */,
				7BFDEC2D2C5224F7007280F8 /* BoardMainViewController.swift in Sources */,
				C716EF182C50FB1200474228 /* SchoolDateViewController.swift in Sources */,
				412BFBE12C5225A20099E442 /* FirstAcademicVerificationViewController.swift in Sources */,
				C74D4CA92C45757200D4339D /* FavoriteLabViewController.swift in Sources */,
				412BFBD82C5225250099E442 /* EmailLoginViewController.swift in Sources */,
				7BFDEC3B2C5225E7007280F8 /* Constants.swift in Sources */,
				41EE134E2C5529B20037EDD6 /* SelectResearchTopicViewController.swift in Sources */,
				C72E99862C54040600BC2C9A /* SchoolCalendarViewController.swift in Sources */,
				C74D4CA92C45757200D4339D /* FavoriteLabViewController.swift in Sources */,
				7BFDEC332C522517007280F8 /* BoardAdmissionViewController.swift in Sources */,
				C7996CB22C5B4FB700DC18AF /* SchoolSelectTableViewCell.swift in Sources */,
				C7996CB02C5B4B6000DC18AF /* SchoolSelectCollectionViewCell.swift in Sources */,
				7B3E3D2B2C5423B3002D6A43 /* ScrappedBoardViewController.swift in Sources */,
				7BFDEC312C52250A007280F8 /* BoardMasterViewController.swift in Sources */,
				C7F455312C39B8EE00A4D0EE /* ViewController.swift in Sources */,
				C72E99882C54043B00BC2C9A /* SchoolDeleteAlertViewController.swift in Sources */,
				7B3E3D272C541F8A002D6A43 /* HotBoardViewController.swift in Sources */,
				C74D4CAD2C4575E000D4339D /* HotFeedViewController.swift in Sources */,
				C7FB5A9F2C43E7D7001857F2 /* TabbarShadow.swift in Sources */,
				412BFBE62C52A5E30099E442 /* addBorder+.swift in Sources */,
				7BFDEC392C52253B007280F8 /* BoardWriteViewController.swift in Sources */,
				C78DE55C2C481CD700A58395 /* DateCollectionViewCell.swift in Sources */,
				C74D4CAB2C4575B600D4339D /* FavoriteBoardViewController.swift in Sources */,
				41EE13402C54ABD70037EDD6 /* SignUpViewController.swift in Sources */,
				41EE13442C54E8270037EDD6 /* UploadCompletedPopUpViewController.swift in Sources */,
				7B3E3D2D2C5423D6002D6A43 /* CommentedBoardViewController.swift in Sources */,
				C7FB5A9D2C43E79B001857F2 /* MainTabViewController.swift in Sources */,
				7BFDEC352C52251F007280F8 /* BoardFreeViewController.swift in Sources */,
				C7F4552D2C39B8EE00A4D0EE /* AppDelegate.swift in Sources */,
				412BFBDD2C52257F0099E442 /* SuccessSignUpViewController.swift in Sources */,
				C72F14DE2C594DAA0017B57E /* CalendarFBCViewController.swift in Sources */,
				41EE133E2C54ABB70037EDD6 /* EmailSignUpViewController.swift in Sources */,
				41EE133C2C54A94B0037EDD6 /* PopUpViewController.swift in Sources */,
				41EE134A2C5510A80037EDD6 /* TagCell.swift in Sources */,
				C7F4552F2C39B8EE00A4D0EE /* SceneDelegate.swift in Sources */,
				C78DE55A2C48176C00A58395 /* CalendarCollectionViewCell.swift in Sources */,
				C71E148D2C44DBEE003AFCB7 /* CalendarViewController.swift in Sources */,
				7BFDEC2B2C5224EF007280F8 /* BoardViewController.swift in Sources */,
				C72F14DC2C5948E30017B57E /* SchoolModel.swift in Sources */,
				C74DC22B2C59D6AF004BDC25 /* SchoolSearchPost.swift in Sources */,
				7B3E3D2F2C542862002D6A43 /* EmploymentReviewWriteBoardViewController.swift in Sources */,
				C727767E2C48CFDE000A6B25 /* SchoolSelectViewController.swift in Sources */,
				C75C45842C5A47B4001DDEA8 /* AlarmDateCollectionViewCell.swift in Sources */,
				C74D4CB32C45770800D4339D /* FavoriteLabCollectionViewCell.swift in Sources */,
				C7063B6C2C4E3D4900CFF3CE /* AlarmViewController.swift in Sources */,
				C74D4CAF2C4576E900D4339D /* FavoriteBoardTableViewCell.swift in Sources */,
				7B3E3D292C5423A6002D6A43 /* WrittenBoardViewController.swift in Sources */,
				C71E148B2C44DBDF003AFCB7 /* HomeViewController.swift in Sources */,
				C72E99842C54033000BC2C9A /* SchoolAlertViewController.swift in Sources */,
				7BFDEC2F2C522503007280F8 /* BoardDoctoralViewController.swift in Sources */,
				C74D4CB12C4576F400D4339D /* HotFeedTableViewCell.swift in Sources */,
			);
			runOnlyForDeploymentPostprocessing = 0;
		};
/* End PBXSourcesBuildPhase section */

/* Begin PBXVariantGroup section */
		C7F455322C39B8EE00A4D0EE /* Main.storyboard */ = {
			isa = PBXVariantGroup;
			children = (
				C7F455332C39B8EE00A4D0EE /* Base */,
			);
			name = Main.storyboard;
			sourceTree = "<group>";
		};
		C7F455372C39B8F000A4D0EE /* LaunchScreen.storyboard */ = {
			isa = PBXVariantGroup;
			children = (
				C7F455382C39B8F000A4D0EE /* Base */,
			);
			name = LaunchScreen.storyboard;
			sourceTree = "<group>";
		};
/* End PBXVariantGroup section */

/* Begin XCBuildConfiguration section */
		C7F4553B2C39B8F000A4D0EE /* Debug */ = {
			isa = XCBuildConfiguration;
			buildSettings = {
				ALWAYS_SEARCH_USER_PATHS = NO;
				ASSETCATALOG_COMPILER_GENERATE_SWIFT_ASSET_SYMBOL_EXTENSIONS = YES;
				CLANG_ANALYZER_NONNULL = YES;
				CLANG_ANALYZER_NUMBER_OBJECT_CONVERSION = YES_AGGRESSIVE;
				CLANG_CXX_LANGUAGE_STANDARD = "gnu++20";
				CLANG_ENABLE_MODULES = YES;
				CLANG_ENABLE_OBJC_ARC = YES;
				CLANG_ENABLE_OBJC_WEAK = YES;
				CLANG_WARN_BLOCK_CAPTURE_AUTORELEASING = YES;
				CLANG_WARN_BOOL_CONVERSION = YES;
				CLANG_WARN_COMMA = YES;
				CLANG_WARN_CONSTANT_CONVERSION = YES;
				CLANG_WARN_DEPRECATED_OBJC_IMPLEMENTATIONS = YES;
				CLANG_WARN_DIRECT_OBJC_ISA_USAGE = YES_ERROR;
				CLANG_WARN_DOCUMENTATION_COMMENTS = YES;
				CLANG_WARN_EMPTY_BODY = YES;
				CLANG_WARN_ENUM_CONVERSION = YES;
				CLANG_WARN_INFINITE_RECURSION = YES;
				CLANG_WARN_INT_CONVERSION = YES;
				CLANG_WARN_NON_LITERAL_NULL_CONVERSION = YES;
				CLANG_WARN_OBJC_IMPLICIT_RETAIN_SELF = YES;
				CLANG_WARN_OBJC_LITERAL_CONVERSION = YES;
				CLANG_WARN_OBJC_ROOT_CLASS = YES_ERROR;
				CLANG_WARN_QUOTED_INCLUDE_IN_FRAMEWORK_HEADER = YES;
				CLANG_WARN_RANGE_LOOP_ANALYSIS = YES;
				CLANG_WARN_STRICT_PROTOTYPES = YES;
				CLANG_WARN_SUSPICIOUS_MOVE = YES;
				CLANG_WARN_UNGUARDED_AVAILABILITY = YES_AGGRESSIVE;
				CLANG_WARN_UNREACHABLE_CODE = YES;
				CLANG_WARN__DUPLICATE_METHOD_MATCH = YES;
				COPY_PHASE_STRIP = NO;
				DEBUG_INFORMATION_FORMAT = dwarf;
				ENABLE_STRICT_OBJC_MSGSEND = YES;
				ENABLE_TESTABILITY = YES;
				ENABLE_USER_SCRIPT_SANDBOXING = NO;
				GCC_C_LANGUAGE_STANDARD = gnu17;
				GCC_DYNAMIC_NO_PIC = NO;
				GCC_NO_COMMON_BLOCKS = YES;
				GCC_OPTIMIZATION_LEVEL = 0;
				GCC_PREPROCESSOR_DEFINITIONS = (
					"DEBUG=1",
					"$(inherited)",
				);
				GCC_WARN_64_TO_32_BIT_CONVERSION = YES;
				GCC_WARN_ABOUT_RETURN_TYPE = YES_ERROR;
				GCC_WARN_UNDECLARED_SELECTOR = YES;
				GCC_WARN_UNINITIALIZED_AUTOS = YES_AGGRESSIVE;
				GCC_WARN_UNUSED_FUNCTION = YES;
				GCC_WARN_UNUSED_VARIABLE = YES;
				IPHONEOS_DEPLOYMENT_TARGET = 17.0;
				LOCALIZATION_PREFERS_STRING_CATALOGS = YES;
				MTL_ENABLE_DEBUG_INFO = INCLUDE_SOURCE;
				MTL_FAST_MATH = YES;
				ONLY_ACTIVE_ARCH = YES;
				SDKROOT = iphoneos;
				SWIFT_ACTIVE_COMPILATION_CONDITIONS = "DEBUG $(inherited)";
				SWIFT_OPTIMIZATION_LEVEL = "-Onone";
			};
			name = Debug;
		};
		C7F4553C2C39B8F000A4D0EE /* Release */ = {
			isa = XCBuildConfiguration;
			buildSettings = {
				ALWAYS_SEARCH_USER_PATHS = NO;
				ASSETCATALOG_COMPILER_GENERATE_SWIFT_ASSET_SYMBOL_EXTENSIONS = YES;
				CLANG_ANALYZER_NONNULL = YES;
				CLANG_ANALYZER_NUMBER_OBJECT_CONVERSION = YES_AGGRESSIVE;
				CLANG_CXX_LANGUAGE_STANDARD = "gnu++20";
				CLANG_ENABLE_MODULES = YES;
				CLANG_ENABLE_OBJC_ARC = YES;
				CLANG_ENABLE_OBJC_WEAK = YES;
				CLANG_WARN_BLOCK_CAPTURE_AUTORELEASING = YES;
				CLANG_WARN_BOOL_CONVERSION = YES;
				CLANG_WARN_COMMA = YES;
				CLANG_WARN_CONSTANT_CONVERSION = YES;
				CLANG_WARN_DEPRECATED_OBJC_IMPLEMENTATIONS = YES;
				CLANG_WARN_DIRECT_OBJC_ISA_USAGE = YES_ERROR;
				CLANG_WARN_DOCUMENTATION_COMMENTS = YES;
				CLANG_WARN_EMPTY_BODY = YES;
				CLANG_WARN_ENUM_CONVERSION = YES;
				CLANG_WARN_INFINITE_RECURSION = YES;
				CLANG_WARN_INT_CONVERSION = YES;
				CLANG_WARN_NON_LITERAL_NULL_CONVERSION = YES;
				CLANG_WARN_OBJC_IMPLICIT_RETAIN_SELF = YES;
				CLANG_WARN_OBJC_LITERAL_CONVERSION = YES;
				CLANG_WARN_OBJC_ROOT_CLASS = YES_ERROR;
				CLANG_WARN_QUOTED_INCLUDE_IN_FRAMEWORK_HEADER = YES;
				CLANG_WARN_RANGE_LOOP_ANALYSIS = YES;
				CLANG_WARN_STRICT_PROTOTYPES = YES;
				CLANG_WARN_SUSPICIOUS_MOVE = YES;
				CLANG_WARN_UNGUARDED_AVAILABILITY = YES_AGGRESSIVE;
				CLANG_WARN_UNREACHABLE_CODE = YES;
				CLANG_WARN__DUPLICATE_METHOD_MATCH = YES;
				COPY_PHASE_STRIP = NO;
				DEBUG_INFORMATION_FORMAT = "dwarf-with-dsym";
				ENABLE_NS_ASSERTIONS = NO;
				ENABLE_STRICT_OBJC_MSGSEND = YES;
				ENABLE_USER_SCRIPT_SANDBOXING = NO;
				GCC_C_LANGUAGE_STANDARD = gnu17;
				GCC_NO_COMMON_BLOCKS = YES;
				GCC_WARN_64_TO_32_BIT_CONVERSION = YES;
				GCC_WARN_ABOUT_RETURN_TYPE = YES_ERROR;
				GCC_WARN_UNDECLARED_SELECTOR = YES;
				GCC_WARN_UNINITIALIZED_AUTOS = YES_AGGRESSIVE;
				GCC_WARN_UNUSED_FUNCTION = YES;
				GCC_WARN_UNUSED_VARIABLE = YES;
				IPHONEOS_DEPLOYMENT_TARGET = 17.0;
				LOCALIZATION_PREFERS_STRING_CATALOGS = YES;
				MTL_ENABLE_DEBUG_INFO = NO;
				MTL_FAST_MATH = YES;
				SDKROOT = iphoneos;
				SWIFT_COMPILATION_MODE = wholemodule;
				VALIDATE_PRODUCT = YES;
			};
			name = Release;
		};
		C7F4553E2C39B8F000A4D0EE /* Debug */ = {
			isa = XCBuildConfiguration;
			baseConfigurationReference = AD673DD6C380765DA0B7288E /* Pods-Sukbakji.debug.xcconfig */;
			buildSettings = {
				ASSETCATALOG_COMPILER_APPICON_NAME = AppIcon;
				ASSETCATALOG_COMPILER_GLOBAL_ACCENT_COLOR_NAME = AccentColor;
				CODE_SIGN_STYLE = Automatic;
				CURRENT_PROJECT_VERSION = 1;
				DEVELOPMENT_TEAM = R8ZX684WX2;
				GENERATE_INFOPLIST_FILE = YES;
				INFOPLIST_FILE = Sukbakji/Info.plist;
				INFOPLIST_KEY_UIApplicationSupportsIndirectInputEvents = YES;
				INFOPLIST_KEY_UILaunchStoryboardName = LaunchScreen;
				INFOPLIST_KEY_UIMainStoryboardFile = Main;
				INFOPLIST_KEY_UISupportedInterfaceOrientations_iPad = "UIInterfaceOrientationPortrait UIInterfaceOrientationPortraitUpsideDown UIInterfaceOrientationLandscapeLeft UIInterfaceOrientationLandscapeRight";
				INFOPLIST_KEY_UISupportedInterfaceOrientations_iPhone = "UIInterfaceOrientationPortrait UIInterfaceOrientationLandscapeLeft UIInterfaceOrientationLandscapeRight";
				LD_RUNPATH_SEARCH_PATHS = (
					"$(inherited)",
					"@executable_path/Frameworks",
				);
				MARKETING_VERSION = 1.0;
				PRODUCT_BUNDLE_IDENTIFIER = com.JKPARK.Sukbakji;
				PRODUCT_NAME = "$(TARGET_NAME)";
				SWIFT_EMIT_LOC_STRINGS = YES;
				SWIFT_VERSION = 5.0;
				TARGETED_DEVICE_FAMILY = "1,2";
			};
			name = Debug;
		};
		C7F4553F2C39B8F000A4D0EE /* Release */ = {
			isa = XCBuildConfiguration;
			baseConfigurationReference = 1E927070D6FD31E7F56AC090 /* Pods-Sukbakji.release.xcconfig */;
			buildSettings = {
				ASSETCATALOG_COMPILER_APPICON_NAME = AppIcon;
				ASSETCATALOG_COMPILER_GLOBAL_ACCENT_COLOR_NAME = AccentColor;
				CODE_SIGN_STYLE = Automatic;
				CURRENT_PROJECT_VERSION = 1;
				DEVELOPMENT_TEAM = R8ZX684WX2;
				GENERATE_INFOPLIST_FILE = YES;
				INFOPLIST_FILE = Sukbakji/Info.plist;
				INFOPLIST_KEY_UIApplicationSupportsIndirectInputEvents = YES;
				INFOPLIST_KEY_UILaunchStoryboardName = LaunchScreen;
				INFOPLIST_KEY_UIMainStoryboardFile = Main;
				INFOPLIST_KEY_UISupportedInterfaceOrientations_iPad = "UIInterfaceOrientationPortrait UIInterfaceOrientationPortraitUpsideDown UIInterfaceOrientationLandscapeLeft UIInterfaceOrientationLandscapeRight";
				INFOPLIST_KEY_UISupportedInterfaceOrientations_iPhone = "UIInterfaceOrientationPortrait UIInterfaceOrientationLandscapeLeft UIInterfaceOrientationLandscapeRight";
				LD_RUNPATH_SEARCH_PATHS = (
					"$(inherited)",
					"@executable_path/Frameworks",
				);
				MARKETING_VERSION = 1.0;
				PRODUCT_BUNDLE_IDENTIFIER = com.JKPARK.Sukbakji;
				PRODUCT_NAME = "$(TARGET_NAME)";
				SWIFT_EMIT_LOC_STRINGS = YES;
				SWIFT_VERSION = 5.0;
				TARGETED_DEVICE_FAMILY = "1,2";
			};
			name = Release;
		};
/* End XCBuildConfiguration section */

/* Begin XCConfigurationList section */
		C7F455242C39B8EE00A4D0EE /* Build configuration list for PBXProject "Sukbakji" */ = {
			isa = XCConfigurationList;
			buildConfigurations = (
				C7F4553B2C39B8F000A4D0EE /* Debug */,
				C7F4553C2C39B8F000A4D0EE /* Release */,
			);
			defaultConfigurationIsVisible = 0;
			defaultConfigurationName = Release;
		};
		C7F4553D2C39B8F000A4D0EE /* Build configuration list for PBXNativeTarget "Sukbakji" */ = {
			isa = XCConfigurationList;
			buildConfigurations = (
				C7F4553E2C39B8F000A4D0EE /* Debug */,
				C7F4553F2C39B8F000A4D0EE /* Release */,
			);
			defaultConfigurationIsVisible = 0;
			defaultConfigurationName = Release;
		};
/* End XCConfigurationList section */
	};
	rootObject = C7F455212C39B8EE00A4D0EE /* Project object */;
}
